
Microsoft Visual Studio Solution File, Format Version 12.00
# Visual Studio Version 17
VisualStudioVersion = 17.7.34221.43
MinimumVisualStudioVersion = 10.0.40219.1
Project("{FAE04EC0-301F-11D3-BF4B-00C04F79EFBC}") = "HadaniCisla", "HadaniCisla\HadaniCisla.csproj", "{5AEBC90A-9B31-4968-9E8C-C0D1B2D3A176}"
EndProject
Global
	GlobalSection(SolutionConfigurationPlatforms) = preSolution
		Debug|Any CPU = Debug|Any CPU
		Release|Any CPU = Release|Any CPU
	EndGlobalSection
	GlobalSection(ProjectConfigurationPlatforms) = postSolution
		{5AEBC90A-9B31-4968-9E8C-C0D1B2D3A176}.Debug|Any CPU.ActiveCfg = Debug|Any CPU
		{5AEBC90A-9B31-4968-9E8C-C0D1B2D3A176}.Debug|Any CPU.Build.0 = Debug|Any CPU
		{5AEBC90A-9B31-4968-9E8C-C0D1B2D3A176}.Release|Any CPU.ActiveCfg = Release|Any CPU
		{5AEBC90A-9B31-4968-9E8C-C0D1B2D3A176}.Release|Any CPU.Build.0 = Release|Any CPU
	EndGlobalSection
	GlobalSection(SolutionProperties) = preSolution
		HideSolutionNode = FALSE
	EndGlobalSection
	GlobalSection(ExtensibilityGlobals) = postSolution
		SolutionGuid = {F1C53EED-F185-41B6-AE4E-033BA6838A4A}
	EndGlobalSection
EndGlobal
